Microsoft Visual Studio Solution File, Format Version 12.00
# Visual Studio 15
VisualStudioVersion = 15.0.26430.16
MinimumVisualStudioVersion = 10.0.40219.1
Project("{2150E333-8FDC-42A3-9474-1A3956D46DE8}") = "src", "src", "{76632E9E-F0C0-48F4-87D3-4464E750B1F5}"
EndProject
Project("{9A19103F-16F7-4668-BE54-9A1E7A4F7556}") = "Alyio.NLog.Extensions.Logging", "src\Alyio.NLog.Extensions.Logging\Alyio.NLog.Extensions.Logging.csproj", "{BF332179-5DA0-43C4-A355-DBB4A12319E8}"
EndProject
Global
	GlobalSection(SolutionConfigurationPlatforms) = preSolution
		Debug|Any CPU = Debug|Any CPU
		Debug|x64 = Debug|x64
		Debug|x86 = Debug|x86
		Release|Any CPU = Release|Any CPU
		Release|x64 = Release|x64
		Release|x86 = Release|x86
	EndGlobalSection
	GlobalSection(ProjectConfigurationPlatforms) = postSolution
		{BF332179-5DA0-43C4-A355-DBB4A12319E8}.Debug|Any CPU.ActiveCfg = Debug|Any CPU
		{BF332179-5DA0-43C4-A355-DBB4A12319E8}.Debug|Any CPU.Build.0 = Debug|Any CPU
		{BF332179-5DA0-43C4-A355-DBB4A12319E8}.Debug|x64.ActiveCfg = Debug|Any CPU
		{BF332179-5DA0-43C4-A355-DBB4A12319E8}.Debug|x64.Build.0 = Debug|Any CPU
		{BF332179-5DA0-43C4-A355-DBB4A12319E8}.Debug|x86.ActiveCfg = Debug|Any CPU
		{BF332179-5DA0-43C4-A355-DBB4A12319E8}.Debug|x86.Build.0 = Debug|Any CPU
		{BF332179-5DA0-43C4-A355-DBB4A12319E8}.Release|Any CPU.ActiveCfg = Release|Any CPU
		{BF332179-5DA0-43C4-A355-DBB4A12319E8}.Release|Any CPU.Build.0 = Release|Any CPU
		{BF332179-5DA0-43C4-A355-DBB4A12319E8}.Release|x64.ActiveCfg = Release|Any CPU
		{BF332179-5DA0-43C4-A355-DBB4A12319E8}.Release|x64.Build.0 = Release|Any CPU
		{BF332179-5DA0-43C4-A355-DBB4A12319E8}.Release|x86.ActiveCfg = Release|Any CPU
		{BF332179-5DA0-43C4-A355-DBB4A12319E8}.Release|x86.Build.0 = Release|Any CPU
	EndGlobalSection
	GlobalSection(SolutionProperties) = preSolution
		HideSolutionNode = FALSE
	EndGlobalSection
	GlobalSection(NestedProjects) = preSolution
		{BF332179-5DA0-43C4-A355-DBB4A12319E8} = {76632E9E-F0C0-48F4-87D3-4464E750B1F5}
	EndGlobalSection
EndGlobal
